
Microsoft Visual Studio Solution File, Format Version 12.00
# Visual Studio 2013
VisualStudioVersion = 12.0.31101.0
MinimumVisualStudioVersion = 10.0.40219.1
Project("{2150E333-8FDC-42A3-9474-1A3956D46DE8}") = "Engine", "Engine", "{5233E141-37D0-4EC5-BEB8-0B0322019254}"
EndProject
Project("{2150E333-8FDC-42A3-9474-1A3956D46DE8}") = "Games", "Games", "{8FC010B4-76F8-4600-AEB0-664743AADB18}"
EndProject
Project("{8BC9CEB8-8B4A-11D0-8D11-00A0C91BC942}") = "Uccallus", "Intermediate\ProjectFiles\Uccallus.vcxproj", "{09BAA326-18BB-4519-A439-B15A7191D67F}"
EndProject
Project("{8BC9CEB8-8B4A-11D0-8D11-00A0C91BC942}") = "UE4", "Intermediate\ProjectFiles\UE4.vcxproj", "{C4B9C506-7AFB-4B94-A4FC-3355C301A67F}"
EndProject
Global
	GlobalSection(SolutionConfigurationPlatforms) = preSolution
		DebugGame Editor|Windows = DebugGame Editor|Windows
		DebugGame|Windows = DebugGame|Windows
		Development Editor|Windows = Development Editor|Windows
		Development|Windows = Development|Windows
		Shipping|Windows = Shipping|Windows
	EndGlobalSection
	GlobalSection(ProjectConfigurationPlatforms) = postSolution
		{09BAA326-18BB-4519-A439-B15A7191D67F}.DebugGame Editor|Windows.ActiveCfg = DebugGame_Editor|x64
		{09BAA326-18BB-4519-A439-B15A7191D67F}.DebugGame Editor|Windows.Build.0 = DebugGame_Editor|x64
		{09BAA326-18BB-4519-A439-B15A7191D67F}.DebugGame|Windows.ActiveCfg = DebugGame_Game|x64
		{09BAA326-18BB-4519-A439-B15A7191D67F}.DebugGame|Windows.Build.0 = DebugGame_Game|x64
		{09BAA326-18BB-4519-A439-B15A7191D67F}.Development Editor|Windows.ActiveCfg = Development_Editor|x64
		{09BAA326-18BB-4519-A439-B15A7191D67F}.Development Editor|Windows.Build.0 = Development_Editor|x64
		{09BAA326-18BB-4519-A439-B15A7191D67F}.Development|Windows.ActiveCfg = Development_Game|x64
		{09BAA326-18BB-4519-A439-B15A7191D67F}.Development|Windows.Build.0 = Development_Game|x64
		{09BAA326-18BB-4519-A439-B15A7191D67F}.Shipping|Windows.ActiveCfg = Shipping_Game|Win32
		{09BAA326-18BB-4519-A439-B15A7191D67F}.Shipping|Windows.Build.0 = Shipping_Game|Win32
		{C4B9C506-7AFB-4B94-A4FC-3355C301A67F}.DebugGame Editor|Windows.ActiveCfg = BuiltWithUnrealBuildTool|Win32
		{C4B9C506-7AFB-4B94-A4FC-3355C301A67F}.DebugGame|Windows.ActiveCfg = BuiltWithUnrealBuildTool|Win32
		{C4B9C506-7AFB-4B94-A4FC-3355C301A67F}.Development Editor|Windows.ActiveCfg = BuiltWithUnrealBuildTool|Win32
		{C4B9C506-7AFB-4B94-A4FC-3355C301A67F}.Development|Windows.ActiveCfg = BuiltWithUnrealBuildTool|Win32
		{C4B9C506-7AFB-4B94-A4FC-3355C301A67F}.Shipping|Windows.ActiveCfg = BuiltWithUnrealBuildTool|Win32
	EndGlobalSection
	GlobalSection(SolutionProperties) = preSolution
		HideSolutionNode = FALSE
	EndGlobalSection
	GlobalSection(NestedProjects) = preSolution
		{09BAA326-18BB-4519-A439-B15A7191D67F} = {8FC010B4-76F8-4600-AEB0-664743AADB18}
		{C4B9C506-7AFB-4B94-A4FC-3355C301A67F} = {5233E141-37D0-4EC5-BEB8-0B0322019254}
	EndGlobalSection
EndGlobal
